// !$*UTF8*$!
{
	archiveVersion = 1;
	classes = {
	};
	objectVersion = 46;
	objects = {

/* Begin PBXBuildFile section */
		7E2DC75A1B981ADF00DC8DA9 /* AppDelegate.swift in Sources */ = {isa = PBXBuildFile; fileRef = 7E2DC7591B981ADF00DC8DA9 /* AppDelegate.swift */; };
		7E2DC75C1B981ADF00DC8DA9 /* ViewController.swift in Sources */ = {isa = PBXBuildFile; fileRef = 7E2DC75B1B981ADF00DC8DA9 /* ViewController.swift */; };
		7E2DC75F1B981ADF00DC8DA9 /* Main.storyboard in Resources */ = {isa = PBXBuildFile; fileRef = 7E2DC75D1B981ADF00DC8DA9 /* Main.storyboard */; };
		7E2DC7611B981ADF00DC8DA9 /* Images.xcassets in Resources */ = {isa = PBXBuildFile; fileRef = 7E2DC7601B981ADF00DC8DA9 /* Images.xcassets */; };
		7E2DC7641B981ADF00DC8DA9 /* LaunchScreen.xib in Resources */ = {isa = PBXBuildFile; fileRef = 7E2DC7621B981ADF00DC8DA9 /* LaunchScreen.xib */; };
		7E2DC7701B981AE000DC8DA9 /* AdaptiveLayoutTestTests.swift in Sources */ = {isa = PBXBuildFile; fileRef = 7E2DC76F1B981AE000DC8DA9 /* AdaptiveLayoutTestTests.swift */; };
		7E2DC77A1B982E8600DC8DA9 /* background.jpg in Resources */ = {isa = PBXBuildFile; fileRef = 7E2DC7791B982E8600DC8DA9 /* background.jpg */; };
		7E2DC77C1B98319800DC8DA9 /* shadedBackground.jpg in Resources */ = {isa = PBXBuildFile; fileRef = 7E2DC77B1B98319800DC8DA9 /* shadedBackground.jpg */; };
		7E7BA6B91B9DA55B00837F53 /* cloud_Small.png in Resources */ = {isa = PBXBuildFile; fileRef = 7E7BA6B71B9DA55B00837F53 /* cloud_Small.png */; };
		7E7BA6BA1B9DA55B00837F53 /* cloud_Big.png in Resources */ = {isa = PBXBuildFile; fileRef = 7E7BA6B81B9DA55B00837F53 /* cloud_Big.png */; };
		7E7BA6BD1B9DA5DA00837F53 /* cloud_Big_2x.png in Resources */ = {isa = PBXBuildFile; fileRef = 7E7BA6BB1B9DA5DA00837F53 /* cloud_Big_2x.png */; };
		7E7BA6BE1B9DA5DA00837F53 /* cloud_Big_3x.png in Resources */ = {isa = PBXBuildFile; fileRef = 7E7BA6BC1B9DA5DA00837F53 /* cloud_Big_3x.png */; };
		7E7BA6C11B9DA5E200837F53 /* cloud_Small_2x.png in Resources */ = {isa = PBXBuildFile; fileRef = 7E7BA6BF1B9DA5E200837F53 /* cloud_Small_2x.png */; };
		7E7BA6C21B9DA5E200837F53 /* cloud_Small_3x.png in Resources */ = {isa = PBXBuildFile; fileRef = 7E7BA6C01B9DA5E200837F53 /* cloud_Small_3x.png */; };
/* End PBXBuildFile section */

/* Begin PBXContainerItemProxy section */
		7E2DC76A1B981AE000DC8DA9 /* PBXContainerItemProxy */ = {
			isa = PBXContainerItemProxy;
			containerPortal = 7E2DC74C1B981ADF00DC8DA9 /* Project object */;
			proxyType = 1;
			remoteGlobalIDString = 7E2DC7531B981ADF00DC8DA9;
			remoteInfo = AdaptiveLayoutTest;
		};
/* End PBXContainerItemProxy section */

/* Begin PBXFileReference section */
		7E2DC7541B981ADF00DC8DA9 /* AdaptiveLayoutTest.app */ = {isa = PBXFileReference; explicitFileType = wrapper.application; includeInIndex = 0; path = AdaptiveLayoutTest.app; sourceTree = BUILT_PRODUCTS_DIR; };
		7E2DC7581B981ADF00DC8DA9 /* Info.plist */ = {isa = PBXFileReference; lastKnownFileType = text.plist.xml; path = Info.plist; sourceTree = "<group>"; };
		7E2DC7591B981ADF00DC8DA9 /* AppDelegate.swift */ = {isa = PBXFileReference; lastKnownFileType = sourcecode.swift; path = AppDelegate.swift; sourceTree = "<group>"; };
		7E2DC75B1B981ADF00DC8DA9 /* ViewController.swift */ = {isa = PBXFileReference; lastKnownFileType = sourcecode.swift; path = ViewController.swift; sourceTree = "<group>"; };
		7E2DC75E1B981ADF00DC8DA9 /* Base */ = {isa = PBXFileReference; lastKnownFileType = file.storyboard; name = Base; path = Base.lproj/Main.storyboard; sourceTree = "<group>"; };
		7E2DC7601B981ADF00DC8DA9 /* Images.xcassets */ = {isa = PBXFileReference; lastKnownFileType = folder.assetcatalog; path = Images.xcassets; sourceTree = "<group>"; };
		7E2DC7631B981ADF00DC8DA9 /* Base */ = {isa = PBXFileReference; lastKnownFileType = file.xib; name = Base; path = Base.lproj/LaunchScreen.xib; sourceTree = "<group>"; };
		7E2DC7691B981AE000DC8DA9 /* AdaptiveLayoutTestTests.xctest */ = {isa = PBXFileReference; explicitFileType = wrapper.cfbundle; includeInIndex = 0; path = AdaptiveLayoutTestTests.xctest; sourceTree = BUILT_PRODUCTS_DIR; };
		7E2DC76E1B981AE000DC8DA9 /* Info.plist */ = {isa = PBXFileReference; lastKnownFileType = text.plist.xml; path = Info.plist; sourceTree = "<group>"; };
		7E2DC76F1B981AE000DC8DA9 /* AdaptiveLayoutTestTests.swift */ = {isa = PBXFileReference; lastKnownFileType = sourcecode.swift; path = AdaptiveLayoutTestTests.swift; sourceTree = "<group>"; };
		7E2DC7791B982E8600DC8DA9 /* background.jpg */ = {isa = PBXFileReference; lastKnownFileType = image.jpeg; path = background.jpg; sourceTree = "<group>"; };
		7E2DC77B1B98319800DC8DA9 /* shadedBackground.jpg */ = {isa = PBXFileReference; lastKnownFileType = image.jpeg; path = shadedBackground.jpg; sourceTree = "<group>"; };
		7E7BA6B71B9DA55B00837F53 /* cloud_Small.png */ = {isa = PBXFileReference; lastKnownFileType = image.png; path = cloud_Small.png; sourceTree = "<group>"; };
		7E7BA6B81B9DA55B00837F53 /* cloud_Big.png */ = {isa = PBXFileReference; lastKnownFileType = image.png; path = cloud_Big.png; sourceTree = "<group>"; };
		7E7BA6BB1B9DA5DA00837F53 /* cloud_Big_2x.png */ = {isa = PBXFileReference; lastKnownFileType = image.png; path = cloud_Big_2x.png; sourceTree = "<group>"; };
		7E7BA6BC1B9DA5DA00837F53 /* cloud_Big_3x.png */ = {isa = PBXFileReference; lastKnownFileType = image.png; path = cloud_Big_3x.png; sourceTree = "<group>"; };
		7E7BA6BF1B9DA5E200837F53 /* cloud_Small_2x.png */ = {isa = PBXFileReference; lastKnownFileType = image.png; path = cloud_Small_2x.png; sourceTree = "<group>"; };
		7E7BA6C01B9DA5E200837F53 /* cloud_Small_3x.png */ = {isa = PBXFileReference; lastKnownFileType = image.png; path = cloud_Small_3x.png; sourceTree = "<group>"; };
/* End PBXFileReference section */

/* Begin PBXFrameworksBuildPhase section */
		7E2DC7511B981ADF00DC8DA9 /* Frameworks */ = {
			isa = PBXFrameworksBuildPhase;
			buildActionMask = 2147483647;
			files = (
			);
			runOnlyForDeploymentPostprocessing = 0;
		};
		7E2DC7661B981AE000DC8DA9 /* Frameworks */ = {
			isa = PBXFrameworksBuildPhase;
			buildActionMask = 2147483647;
			files = (
			);
			runOnlyForDeploymentPostprocessing = 0;
		};
/* End PBXFrameworksBuildPhase section */

/* Begin PBXGroup section */
		7E2DC74B1B981ADF00DC8DA9 = {
			isa = PBXGroup;
			children = (
				7E2DC7561B981ADF00DC8DA9 /* AdaptiveLayoutTest */,
				7E2DC76C1B981AE000DC8DA9 /* AdaptiveLayoutTestTests */,
				7E2DC7551B981ADF00DC8DA9 /* Products */,
			);
			sourceTree = "<group>";
		};
		7E2DC7551B981ADF00DC8DA9 /* Products */ = {
			isa = PBXGroup;
			children = (
				7E2DC7541B981ADF00DC8DA9 /* AdaptiveLayoutTest.app */,
				7E2DC7691B981AE000DC8DA9 /* AdaptiveLayoutTestTests.xctest */,
			);
			name = Products;
			sourceTree = "<group>";
		};
		7E2DC7561B981ADF00DC8DA9 /* AdaptiveLayoutTest */ = {
			isa = PBXGroup;
			children = (
				7E2DC7591B981ADF00DC8DA9 /* AppDelegate.swift */,
				7E7BA6B71B9DA55B00837F53 /* cloud_Small.png */,
				7E7BA6BF1B9DA5E200837F53 /* cloud_Small_2x.png */,
				7E7BA6C01B9DA5E200837F53 /* cloud_Small_3x.png */,
				7E7BA6B81B9DA55B00837F53 /* cloud_Big.png */,
				7E7BA6BB1B9DA5DA00837F53 /* cloud_Big_2x.png */,
				7E7BA6BC1B9DA5DA00837F53 /* cloud_Big_3x.png */,
				7E2DC75B1B981ADF00DC8DA9 /* ViewController.swift */,
				7E2DC75D1B981ADF00DC8DA9 /* Main.storyboard */,
				7E2DC7601B981ADF00DC8DA9 /* Images.xcassets */,
				7E2DC7791B982E8600DC8DA9 /* background.jpg */,
				7E2DC77B1B98319800DC8DA9 /* shadedBackground.jpg */,
				7E2DC7621B981ADF00DC8DA9 /* LaunchScreen.xib */,
				7E2DC7571B981ADF00DC8DA9 /* Supporting Files */,
			);
			path = AdaptiveLayoutTest;
			sourceTree = "<group>";
		};
		7E2DC7571B981ADF00DC8DA9 /* Supporting Files */ = {
			isa = PBXGroup;
			children = (
				7E2DC7581B981ADF00DC8DA9 /* Info.plist */,
			);
			name = "Supporting Files";
			sourceTree = "<group>";
		};
		7E2DC76C1B981AE000DC8DA9 /* AdaptiveLayoutTestTests */ = {
			isa = PBXGroup;
			children = (
				7E2DC76F1B981AE000DC8DA9 /* AdaptiveLayoutTestTests.swift */,
				7E2DC76D1B981AE000DC8DA9 /* Supporting Files */,
			);
			path = AdaptiveLayoutTestTests;
			sourceTree = "<group>";
		};
		7E2DC76D1B981AE000DC8DA9 /* Supporting Files */ = {
			isa = PBXGroup;
			children = (
				7E2DC76E1B981AE000DC8DA9 /* Info.plist */,
			);
			name = "Supporting Files";
			sourceTree = "<group>";
		};
/* End PBXGroup section */

/* Begin PBXNativeTarget section */
		7E2DC7531B981ADF00DC8DA9 /* AdaptiveLayoutTest */ = {
			isa = PBXNativeTarget;
			buildConfigurationList = 7E2DC7731B981AE000DC8DA9 /* Build configuration list for PBXNativeTarget "AdaptiveLayoutTest" */;
			buildPhases = (
				7E2DC7501B981ADF00DC8DA9 /* Sources */,
				7E2DC7511B981ADF00DC8DA9 /* Frameworks */,
				7E2DC7521B981ADF00DC8DA9 /* Resources */,
			);
			buildRules = (
			);
			dependencies = (
			);
			name = AdaptiveLayoutTest;
			productName = AdaptiveLayoutTest;
			productReference = 7E2DC7541B981ADF00DC8DA9 /* AdaptiveLayoutTest.app */;
			productType = "com.apple.product-type.application";
		};
		7E2DC7681B981AE000DC8DA9 /* AdaptiveLayoutTestTests */ = {
			isa = PBXNativeTarget;
			buildConfigurationList = 7E2DC7761B981AE000DC8DA9 /* Build configuration list for PBXNativeTarget "AdaptiveLayoutTestTests" */;
			buildPhases = (
				7E2DC7651B981AE000DC8DA9 /* Sources */,
				7E2DC7661B981AE000DC8DA9 /* Frameworks */,
				7E2DC7671B981AE000DC8DA9 /* Resources */,
			);
			buildRules = (
			);
			dependencies = (
				7E2DC76B1B981AE000DC8DA9 /* PBXTargetDependency */,
			);
			name = AdaptiveLayoutTestTests;
			productName = AdaptiveLayoutTestTests;
			productReference = 7E2DC7691B981AE000DC8DA9 /* AdaptiveLayoutTestTests.xctest */;
			productType = "com.apple.product-type.bundle.unit-test";
		};
/* End PBXNativeTarget section */

/* Begin PBXProject section */
		7E2DC74C1B981ADF00DC8DA9 /* Project object */ = {
			isa = PBXProject;
			attributes = {
				LastUpgradeCheck = 0640;
				ORGANIZATIONNAME = synerzip;
				TargetAttributes = {
					7E2DC7531B981ADF00DC8DA9 = {
						CreatedOnToolsVersion = 6.4;
					};
					7E2DC7681B981AE000DC8DA9 = {
						CreatedOnToolsVersion = 6.4;
						TestTargetID = 7E2DC7531B981ADF00DC8DA9;
					};
				};
			};
			buildConfigurationList = 7E2DC74F1B981ADF00DC8DA9 /* Build configuration list for PBXProject "AdaptiveLayoutTest" */;
			compatibilityVersion = "Xcode 3.2";
			developmentRegion = English;
			hasScannedForEncodings = 0;
			knownRegions = (
				en,
				Base,
			);
			mainGroup = 7E2DC74B1B981ADF00DC8DA9;
			productRefGroup = 7E2DC7551B981ADF00DC8DA9 /* Products */;
			projectDirPath = "";
			projectRoot = "";
			targets = (
				7E2DC7531B981ADF00DC8DA9 /* AdaptiveLayoutTest */,
				7E2DC7681B981AE000DC8DA9 /* AdaptiveLayoutTestTests */,
			);
		};
/* End PBXProject section */

/* Begin PBXResourcesBuildPhase section */
		7E2DC7521B981ADF00DC8DA9 /* Resources */ = {
			isa = PBXResourcesBuildPhase;
			buildActionMask = 2147483647;
			files = (
				7E7BA6BA1B9DA55B00837F53 /* cloud_Big.png in Resources */,
				7E2DC75F1B981ADF00DC8DA9 /* Main.storyboard in Resources */,
				7E2DC77A1B982E8600DC8DA9 /* background.jpg in Resources */,
				7E2DC7641B981ADF00DC8DA9 /* LaunchScreen.xib in Resources */,
				7E7BA6BD1B9DA5DA00837F53 /* cloud_Big_2x.png in Resources */,
				7E2DC77C1B98319800DC8DA9 /* shadedBackground.jpg in Resources */,
				7E7BA6C21B9DA5E200837F53 /* cloud_Small_3x.png in Resources */,
				7E2DC7611B981ADF00DC8DA9 /* Images.xcassets in Resources */,
				7E7BA6C11B9DA5E200837F53 /* cloud_Small_2x.png in Resources */,
				7E7BA6B91B9DA55B00837F53 /* cloud_Small.png in Resources */,
				7E7BA6BE1B9DA5DA00837F53 /* cloud_Big_3x.png in Resources */,
			);
			runOnlyForDeploymentPostprocessing = 0;
		};
		7E2DC7671B981AE000DC8DA9 /* Resources */ = {
			isa = PBXResourcesBuildPhase;
			buildActionMask = 2147483647;
			files = (
			);
			runOnlyForDeploymentPostprocessing = 0;
		};
/* End PBXResourcesBuildPhase section */

/* Begin PBXSourcesBuildPhase section */
		7E2DC7501B981ADF00DC8DA9 /* Sources */ = {
			isa = PBXSourcesBuildPhase;
			buildActionMask = 2147483647;
			files = (
				7E2DC75C1B981ADF00DC8DA9 /* ViewController.swift in Sources */,
				7E2DC75A1B981ADF00DC8DA9 /* AppDelegate.swift in Sources */,
			);
			runOnlyForDeploymentPostprocessing = 0;
		};
		7E2DC7651B981AE000DC8DA9 /* Sources */ = {
			isa = PBXSourcesBuildPhase;
			buildActionMask = 2147483647;
			files = (
				7E2DC7701B981AE000DC8DA9 /* AdaptiveLayoutTestTests.swift in Sources */,
			);
			runOnlyForDeploymentPostprocessing = 0;
		};
/* End PBXSourcesBuildPhase section */

/* Begin PBXTargetDependency section */
		7E2DC76B1B981AE000DC8DA9 /* PBXTargetDependency */ = {
			isa = PBXTargetDependency;
			target = 7E2DC7531B981ADF00DC8DA9 /* AdaptiveLayoutTest */;
			targetProxy = 7E2DC76A1B981AE000DC8DA9 /* PBXContainerItemProxy */;
		};
/* End PBXTargetDependency section */

/* Begin PBXVariantGroup section */
		7E2DC75D1B981ADF00DC8DA9 /* Main.storyboard */ = {
			isa = PBXVariantGroup;
			children = (
				7E2DC75E1B981ADF00DC8DA9 /* Base */,
			);
			name = Main.storyboard;
			sourceTree = "<group>";
		};
		7E2DC7621B981ADF00DC8DA9 /* LaunchScreen.xib */ = {
			isa = PBXVariantGroup;
			children = (
				7E2DC7631B981ADF00DC8DA9 /* Base */,
			);
			name = LaunchScreen.xib;
			sourceTree = "<group>";
		};
/* End PBXVariantGroup section */

/* Begin XCBuildConfiguration section */
		7E2DC7711B981AE000DC8DA9 /* Debug */ = {
			isa = XCBuildConfiguration;
			buildSettings = {
				ALWAYS_SEARCH_USER_PATHS = NO;
				CLANG_CXX_LANGUAGE_STANDARD = "gnu++0x";
				CLANG_CXX_LIBRARY = "libc++";
				CLANG_ENABLE_MODULES = YES;
				CLANG_ENABLE_OBJC_ARC = YES;
				CLANG_WARN_BOOL_CONVERSION = YES;
				CLANG_WARN_CONSTANT_CONVERSION = YES;
				CLANG_WARN_DIRECT_OBJC_ISA_USAGE = YES_ERROR;
				CLANG_WARN_EMPTY_BODY = YES;
				CLANG_WARN_ENUM_CONVERSION = YES;
				CLANG_WARN_INT_CONVERSION = YES;
				CLANG_WARN_OBJC_ROOT_CLASS = YES_ERROR;
				CLANG_WARN_UNREACHABLE_CODE = YES;
				CLANG_WARN__DUPLICATE_METHOD_MATCH = YES;
				"CODE_SIGN_IDENTITY[sdk=iphoneos*]" = "iPhone Developer";
				COPY_PHASE_STRIP = NO;
				DEBUG_INFORMATION_FORMAT = "dwarf-with-dsym";
				ENABLE_STRICT_OBJC_MSGSEND = YES;
				GCC_C_LANGUAGE_STANDARD = gnu99;
				GCC_DYNAMIC_NO_PIC = NO;
				GCC_NO_COMMON_BLOCKS = YES;
				GCC_OPTIMIZATION_LEVEL = 0;
				GCC_PREPROCESSOR_DEFINITIONS = (
					"DEBUG=1",
					"$(inherited)",
				);
				GCC_SYMBOLS_PRIVATE_EXTERN = NO;
				GCC_WARN_64_TO_32_BIT_CONVERSION = YES;
				GCC_WARN_ABOUT_RETURN_TYPE = YES_ERROR;
				GCC_WARN_UNDECLARED_SELECTOR = YES;
				GCC_WARN_UNINITIALIZED_AUTOS = YES_AGGRESSIVE;
				GCC_WARN_UNUSED_FUNCTION = YES;
				GCC_WARN_UNUSED_VARIABLE = YES;
				IPHONEOS_DEPLOYMENT_TARGET = 8.4;
				MTL_ENABLE_DEBUG_INFO = YES;
				ONLY_ACTIVE_ARCH = YES;
				SDKROOT = iphoneos;
				SWIFT_OPTIMIZATION_LEVEL = "-Onone";
				TARGETED_DEVICE_FAMILY = "1,2";
			};
			name = Debug;
		};
		7E2DC7721B981AE000DC8DA9 /* Release */ = {
			isa = XCBuildConfiguration;
			buildSettings = {
				ALWAYS_SEARCH_USER_PATHS = NO;
				CLANG_CXX_LANGUAGE_STANDARD = "gnu++0x";
				CLANG_CXX_LIBRARY = "libc++";
				CLANG_ENABLE_MODULES = YES;
				CLANG_ENABLE_OBJC_ARC = YES;
				CLANG_WARN_BOOL_CONVERSION = YES;
				CLANG_WARN_CONSTANT_CONVERSION = YES;
				CLANG_WARN_DIRECT_OBJC_ISA_USAGE = YES_ERROR;
				CLANG_WARN_EMPTY_BODY = YES;
				CLANG_WARN_ENUM_CONVERSION = YES;
				CLANG_WARN_INT_CONVERSION = YES;
				CLANG_WARN_OBJC_ROOT_CLASS = YES_ERROR;
				CLANG_WARN_UNREACHABLE_CODE = YES;
				CLANG_WARN__DUPLICATE_METHOD_MATCH = YES;
				"CODE_SIGN_IDENTITY[sdk=iphoneos*]" = "iPhone Developer";
				COPY_PHASE_STRIP = NO;
				DEBUG_INFORMATION_FORMAT = "dwarf-with-dsym";
				ENABLE_NS_ASSERTIONS = NO;
				ENABLE_STRICT_OBJC_MSGSEND = YES;
				GCC_C_LANGUAGE_STANDARD = gnu99;
				GCC_NO_COMMON_BLOCKS = YES;
				GCC_WARN_64_TO_32_BIT_CONVERSION = YES;
				GCC_WARN_ABOUT_RETURN_TYPE = YES_ERROR;
				GCC_WARN_UNDECLARED_SELECTOR = YES;
				GCC_WARN_UNINITIALIZED_AUTOS = YES_AGGRESSIVE;
				GCC_WARN_UNUSED_FUNCTION = YES;
				GCC_WARN_UNUSED_VARIABLE = YES;
				IPHONEOS_DEPLOYMENT_TARGET = 8.4;
				MTL_ENABLE_DEBUG_INFO = NO;
				SDKROOT = iphoneos;
				TARGETED_DEVICE_FAMILY = "1,2";
				VALIDATE_PRODUCT = YES;
			};
			name = Release;
		};
		7E2DC7741B981AE000DC8DA9 /* Debug */ = {
			isa = XCBuildConfiguration;
			buildSettings = {
				ASSETCATALOG_COMPILER_APPICON_NAME = AppIcon;
				INFOPLIST_FILE = AdaptiveLayoutTest/Info.plist;
				LD_RUNPATH_SEARCH_PATHS = "$(inherited) @executable_path/Frameworks";
				PRODUCT_NAME = "$(TARGET_NAME)";
			};
			name = Debug;
		};
		7E2DC7751B981AE000DC8DA9 /* Release */ = {
			isa = XCBuildConfiguration;
			buildSettings = {
				ASSETCATALOG_COMPILER_APPICON_NAME = AppIcon;
				INFOPLIST_FILE = AdaptiveLayoutTest/Info.plist;
				LD_RUNPATH_SEARCH_PATHS = "$(inherited) @executable_path/Frameworks";
				PRODUCT_NAME = "$(TARGET_NAME)";
			};
			name = Release;
		};
		7E2DC7771B981AE000DC8DA9 /* Debug */ = {
			isa = XCBuildConfiguration;
			buildSettings = {
				BUNDLE_LOADER = "$(TEST_HOST)";
				FRAMEWORK_SEARCH_PATHS = (
					"$(SDKROOT)/Developer/Library/Frameworks",
					"$(inherited)",
				);
				GCC_PREPROCESSOR_DEFINITIONS = (
					"DEBUG=1",
					"$(inherited)",
				);
				INFOPLIST_FILE = AdaptiveLayoutTestTests/Info.plist;
				LD_RUNPATH_SEARCH_PATHS = "$(inherited) @executable_path/Frameworks @loader_path/Frameworks";
				PRODUCT_NAME = "$(TARGET_NAME)";
				TEST_HOST = "$(BUILT_PRODUCTS_DIR)/AdaptiveLayoutTest.app/AdaptiveLayoutTest";
			};
			name = Debug;
		};
		7E2DC7781B981AE000DC8DA9 /* Release */ = {
			isa = XCBuildConfiguration;
			buildSettings = {
				BUNDLE_LOADER = "$(TEST_HOST)";
				FRAMEWORK_SEARCH_PATHS = (
					"$(SDKROOT)/Developer/Library/Frameworks",
					"$(inherited)",
				);
				INFOPLIST_FILE = AdaptiveLayoutTestTests/Info.plist;
				LD_RUNPATH_SEARCH_PATHS = "$(inherited) @executable_path/Frameworks @loader_path/Frameworks";
				PRODUCT_NAME = "$(TARGET_NAME)";
				TEST_HOST = "$(BUILT_PRODUCTS_DIR)/AdaptiveLayoutTest.app/AdaptiveLayoutTest";
			};
			name = Release;
		};
/* End XCBuildConfiguration section */

/* Begin XCConfigurationList section */
		7E2DC74F1B981ADF00DC8DA9 /* Build configuration list for PBXProject "AdaptiveLayoutTest" */ = {
			isa = XCConfigurationList;
			buildConfigurations = (
				7E2DC7711B981AE000DC8DA9 /* Debug */,
				7E2DC7721B981AE000DC8DA9 /* Release */,
			);
			defaultConfigurationIsVisible = 0;
			defaultConfigurationName = Release;
		};
		7E2DC7731B981AE000DC8DA9 /* Build configuration list for PBXNativeTarget "AdaptiveLayoutTest" */ = {
			isa = XCConfigurationList;
			buildConfigurations = (
				7E2DC7741B981AE000DC8DA9 /* Debug */,
				7E2DC7751B981AE000DC8DA9 /* Release */,
			);
			defaultConfigurationIsVisible = 0;
			defaultConfigurationName = Release;
		};
		7E2DC7761B981AE000DC8DA9 /* Build configuration list for PBXNativeTarget "AdaptiveLayoutTestTests" */ = {
			isa = XCConfigurationList;
			buildConfigurations = (
				7E2DC7771B981AE000DC8DA9 /* Debug */,
				7E2DC7781B981AE000DC8DA9 /* Release */,
			);
			defaultConfigurationIsVisible = 0;
			defaultConfigurationName = Release;
		};
/* End XCConfigurationList section */
	};
	rootObject = 7E2DC74C1B981ADF00DC8DA9 /* Project object */;
}
